{
    "_meta": {
        "hash": {
            "sha256": "54f3ff6ae56fbd25ace8416799d0112ef6c03791b4dfd0c2e689ee74e91d6cbf"
        },
        "pipfile-spec": 6,
        "requires": {
            "python_version": "3.7"
        },
        "sources": [
            {
                "name": "pypi",
                "url": "https://pypi.org/simple",
                "verify_ssl": true
            }
        ]
    },
    "default": {
        "beautifulsoup4": {
            "hashes": [
                "sha256:4c98143716ef1cb40bf7f39a8e3eec8f8b009509e74904ba3a7b315431577e35",
                "sha256:84729e322ad1d5b4d25f805bfa05b902dd96450f43842c4e99067d5e1369eb25",
                "sha256:fff47e031e34ec82bf17e00da8f592fe7de69aeea38be00523c04623c04fb666"
            ],
            "version": "==4.9.3"
        },
        "google": {
            "hashes": [
                "sha256:c03517e6f9eec7a03c07b864f9a64384fd4bc1efce9034d42e3f90addc9fe4ee",
                "sha256:ff7d997dbf33be666ed5deb8c5abf5d103c27ec199559b6d994923469e26bb48"
            ],
            "index": "pypi",
            "version": "==2.0.3"
        },
        "pyaes": {
            "hashes": [
                "sha256:02c1b1405c38d3c370b085fb952dd8bea3fadcee6411ad99f312cc129c536d8f"
            ],
            "version": "==1.6.1"
        },
        "pyasn1": {
            "hashes": [
                "sha256:39c7e2ec30515947ff4e87fb6f456dfc6e84857d34be479c9d4a4ba4bf46aa5d",
                "sha256:aef77c9fb94a3ac588e87841208bdec464471d9871bd5050a287cc9a475cd0ba"
            ],
            "version": "==0.4.8"
        },
        "python-dotenv": {
            "hashes": [
                "sha256:81822227f771e0cab235a2939f0f265954ac4763cafd806d845801c863bf372f",
                "sha256:92b3123fb2d58a284f76cc92bfe4ee6c502c32ded73e8b051c4f6afc8b6751ed"
            ],
            "index": "pypi",
            "version": "==0.12.0"
        },
        "rsa": {
            "hashes": [
                "sha256:69805d6b69f56eb05b62daea3a7dbd7aa44324ad1306445e05da8060232d00f4",
                "sha256:a8774e55b59fd9fc893b0d05e9bfc6f47081f46ff5b46f39ccf24631b7be356b"
            ],
            "index": "pypi",
            "version": "==4.7"
        },
        "soupsieve": {
            "hashes": [
                "sha256:052774848f448cf19c7e959adf5566904d525f33a3f8b6ba6f6f8f26ec7de0cc",
                "sha256:c2c1c2d44f158cdbddab7824a9af8c4f83c76b1e23e049479aa432feb6c4c23b"
            ],
            "markers": "python_version >= '3.0'",
            "version": "==2.2.1"
        },
        "telethon": {
            "hashes": [
                "sha256:d065f130ad61b6b0d914fbd1d0ca239df8cd20299d3bdc92ce90f44e30579899",
                "sha256:d9a7fcb465561bd839a0ca609d01321cc0f76e07d96a3977280fd1623b26c6a9"
            ],
            "index": "pypi",
            "version": "==1.11.3"
        }
    },
    "develop": {}
}
