{
    "_meta": {
        "hash": {
            "sha256": "54f3ff6ae56fbd25ace8416799d0112ef6c03791b4dfd0c2e689ee74e91d6cbf"
        },
        "pipfile-spec": 6,
        "requires": {
            "python_version": "3.7"
        },
        "sources": [
            {
                "name": "pypi",
                "url": "https://pypi.org/simple",
                "verify_ssl": true
            }
        ]
    },
    "default": {
        "beautifulsoup4": {
            "hashes": [
                "sha256:05fd825eb01c290877657a56df4c6e4c311b3965bda790c613a3d6fb01a5462a",
                "sha256:9fbb4d6e48ecd30bcacc5b63b94088192dcda178513b2ae3c394229f8911b887",
                "sha256:e1505eeed31b0f4ce2dbb3bc8eb256c04cc2b3b72af7d551a4ab6efd5cbe5dae"
            ],
            "version": "==4.8.2"
        },
        "google": {
            "hashes": [
                "sha256:c03517e6f9eec7a03c07b864f9a64384fd4bc1efce9034d42e3f90addc9fe4ee",
                "sha256:ff7d997dbf33be666ed5deb8c5abf5d103c27ec199559b6d994923469e26bb48"
            ],
            "index": "pypi",
            "version": "==2.0.3"
        },
        "pyaes": {
            "hashes": [
                "sha256:02c1b1405c38d3c370b085fb952dd8bea3fadcee6411ad99f312cc129c536d8f"
            ],
            "version": "==1.6.1"
        },
        "pyasn1": {
            "hashes": [
                "sha256:39c7e2ec30515947ff4e87fb6f456dfc6e84857d34be479c9d4a4ba4bf46aa5d",
                "sha256:aef77c9fb94a3ac588e87841208bdec464471d9871bd5050a287cc9a475cd0ba"
            ],
            "version": "==0.4.8"
        },
        "python-dotenv": {
            "hashes": [
                "sha256:81822227f771e0cab235a2939f0f265954ac4763cafd806d845801c863bf372f",
                "sha256:92b3123fb2d58a284f76cc92bfe4ee6c502c32ded73e8b051c4f6afc8b6751ed"
            ],
            "index": "pypi",
            "version": "==0.12.0"
        },
        "rsa": {
            "hashes": [
                "sha256:14ba45700ff1ec9eeb206a2ce76b32814958a98e372006c8fb76ba820211be66",
                "sha256:1a836406405730121ae9823e19c6e806c62bbad73f890574fff50efa4122c487"
            ],
            "version": "==4.0"
        },
        "soupsieve": {
            "hashes": [
                "sha256:e914534802d7ffd233242b785229d5ba0766a7f487385e3f714446a07bf540ae",
                "sha256:fcd71e08c0aee99aca1b73f45478549ee7e7fc006d51b37bec9e9def7dc22b69"
            ],
            "version": "==2.0"
        },
        "telethon": {
            "hashes": [
                "sha256:d065f130ad61b6b0d914fbd1d0ca239df8cd20299d3bdc92ce90f44e30579899",
                "sha256:d9a7fcb465561bd839a0ca609d01321cc0f76e07d96a3977280fd1623b26c6a9"
            ],
            "index": "pypi",
            "version": "==1.11.3"
        }
    },
    "develop": {}
}
